
Microsoft Visual Studio Solution File, Format Version 11.00
# Visual Studio 2010
Project("{FAE04EC0-301F-11D3-BF4B-00C04F79EFBC}") = "Apollo", "Apollo\Apollo.csproj", "{11138466-96A6-4B8F-A1BF-7B9195F425EF}"
EndProject
Project("{FAE04EC0-301F-11D3-BF4B-00C04F79EFBC}") = "Model", "Model\Model.csproj", "{649C0E4C-7635-4718-9F0C-B6B50217B4F3}"
EndProject
Project("{FAE04EC0-301F-11D3-BF4B-00C04F79EFBC}") = "ViewModel", "ViewModel\ViewModel.csproj", "{2653378B-ED9F-44BA-9DA7-819EC1B51582}"
EndProject
Global
	GlobalSection(SolutionConfigurationPlatforms) = preSolution
		Debug|Any CPU = Debug|Any CPU
		Debug|Mixed Platforms = Debug|Mixed Platforms
		Debug|x86 = Debug|x86
		Release|Any CPU = Release|Any CPU
		Release|Mixed Platforms = Release|Mixed Platforms
		Release|x86 = Release|x86
	EndGlobalSection
	GlobalSection(ProjectConfigurationPlatforms) = postSolution
		{11138466-96A6-4B8F-A1BF-7B9195F425EF}.Debug|Any CPU.ActiveCfg = Debug|x86
		{11138466-96A6-4B8F-A1BF-7B9195F425EF}.Debug|Mixed Platforms.ActiveCfg = Debug|x86
		{11138466-96A6-4B8F-A1BF-7B9195F425EF}.Debug|Mixed Platforms.Build.0 = Debug|x86
		{11138466-96A6-4B8F-A1BF-7B9195F425EF}.Debug|x86.ActiveCfg = Debug|x86
		{11138466-96A6-4B8F-A1BF-7B9195F425EF}.Debug|x86.Build.0 = Debug|x86
		{11138466-96A6-4B8F-A1BF-7B9195F425EF}.Release|Any CPU.ActiveCfg = Release|x86
		{11138466-96A6-4B8F-A1BF-7B9195F425EF}.Release|Mixed Platforms.ActiveCfg = Release|x86
		{11138466-96A6-4B8F-A1BF-7B9195F425EF}.Release|Mixed Platforms.Build.0 = Release|x86
		{11138466-96A6-4B8F-A1BF-7B9195F425EF}.Release|x86.ActiveCfg = Release|x86
		{11138466-96A6-4B8F-A1BF-7B9195F425EF}.Release|x86.Build.0 = Release|x86
		{649C0E4C-7635-4718-9F0C-B6B50217B4F3}.Debug|Any CPU.ActiveCfg = Debug|Any CPU
		{649C0E4C-7635-4718-9F0C-B6B50217B4F3}.Debug|Any CPU.Build.0 = Debug|Any CPU
		{649C0E4C-7635-4718-9F0C-B6B50217B4F3}.Debug|Mixed Platforms.ActiveCfg = Debug|Any CPU
		{649C0E4C-7635-4718-9F0C-B6B50217B4F3}.Debug|Mixed Platforms.Build.0 = Debug|Any CPU
		{649C0E4C-7635-4718-9F0C-B6B50217B4F3}.Debug|x86.ActiveCfg = Debug|Any CPU
		{649C0E4C-7635-4718-9F0C-B6B50217B4F3}.Release|Any CPU.ActiveCfg = Release|Any CPU
		{649C0E4C-7635-4718-9F0C-B6B50217B4F3}.Release|Any CPU.Build.0 = Release|Any CPU
		{649C0E4C-7635-4718-9F0C-B6B50217B4F3}.Release|Mixed Platforms.ActiveCfg = Release|Any CPU
		{649C0E4C-7635-4718-9F0C-B6B50217B4F3}.Release|Mixed Platforms.Build.0 = Release|Any CPU
		{649C0E4C-7635-4718-9F0C-B6B50217B4F3}.Release|x86.ActiveCfg = Release|Any CPU
		{2653378B-ED9F-44BA-9DA7-819EC1B51582}.Debug|Any CPU.ActiveCfg = Debug|Any CPU
		{2653378B-ED9F-44BA-9DA7-819EC1B51582}.Debug|Any CPU.Build.0 = Debug|Any CPU
		{2653378B-ED9F-44BA-9DA7-819EC1B51582}.Debug|Mixed Platforms.ActiveCfg = Debug|Any CPU
		{2653378B-ED9F-44BA-9DA7-819EC1B51582}.Debug|Mixed Platforms.Build.0 = Debug|Any CPU
		{2653378B-ED9F-44BA-9DA7-819EC1B51582}.Debug|x86.ActiveCfg = Debug|Any CPU
		{2653378B-ED9F-44BA-9DA7-819EC1B51582}.Release|Any CPU.ActiveCfg = Release|Any CPU
		{2653378B-ED9F-44BA-9DA7-819EC1B51582}.Release|Any CPU.Build.0 = Release|Any CPU
		{2653378B-ED9F-44BA-9DA7-819EC1B51582}.Release|Mixed Platforms.ActiveCfg = Release|Any CPU
		{2653378B-ED9F-44BA-9DA7-819EC1B51582}.Release|Mixed Platforms.Build.0 = Release|Any CPU
		{2653378B-ED9F-44BA-9DA7-819EC1B51582}.Release|x86.ActiveCfg = Release|Any CPU
	EndGlobalSection
	GlobalSection(SolutionProperties) = preSolution
		HideSolutionNode = FALSE
	EndGlobalSection
EndGlobal
